// !$*UTF8*$!
{
	archiveVersion = 1;
	classes = {
	};
	objectVersion = 50;
	objects = {

/* Begin PBXBuildFile section */
		601CF0E62327EC7E00780117 /* City.swift in Sources */ = {isa = PBXBuildFile; fileRef = 601CF0E52327EC7E00780117 /* City.swift */; };
		601CF0E82327EFDA00780117 /* Restaurant.swift in Sources */ = {isa = PBXBuildFile; fileRef = 601CF0E72327EFDA00780117 /* Restaurant.swift */; };
		601CF0EA2328023600780117 /* Location.swift in Sources */ = {isa = PBXBuildFile; fileRef = 601CF0E92328023600780117 /* Location.swift */; };
		601CF0EC2328024A00780117 /* User.swift in Sources */ = {isa = PBXBuildFile; fileRef = 601CF0EB2328024A00780117 /* User.swift */; };
		601CF0EE2328033500780117 /* Photo.swift in Sources */ = {isa = PBXBuildFile; fileRef = 601CF0ED2328033500780117 /* Photo.swift */; };
		601CF0F02328039200780117 /* Review.swift in Sources */ = {isa = PBXBuildFile; fileRef = 601CF0EF2328039200780117 /* Review.swift */; };
		601CF0F323280F4200780117 /* ZomatoRestaurantCell.swift in Sources */ = {isa = PBXBuildFile; fileRef = 601CF0F123280F4200780117 /* ZomatoRestaurantCell.swift */; };
		601CF0F423280F4200780117 /* ZomatoRestaurantCell.xib in Resources */ = {isa = PBXBuildFile; fileRef = 601CF0F223280F4200780117 /* ZomatoRestaurantCell.xib */; };
		601CF0F6232813BA00780117 /* Search.swift in Sources */ = {isa = PBXBuildFile; fileRef = 601CF0F5232813BA00780117 /* Search.swift */; };
		60D3C8262323E1B9007E27A2 /* AppDelegate.swift in Sources */ = {isa = PBXBuildFile; fileRef = 60D3C8252323E1B9007E27A2 /* AppDelegate.swift */; };
		60D3C8282323E1B9007E27A2 /* ViewController.swift in Sources */ = {isa = PBXBuildFile; fileRef = 60D3C8272323E1B9007E27A2 /* ViewController.swift */; };
		60D3C82B2323E1B9007E27A2 /* Main.storyboard in Resources */ = {isa = PBXBuildFile; fileRef = 60D3C8292323E1B9007E27A2 /* Main.storyboard */; };
		60D3C82D2323E1BA007E27A2 /* Assets.xcassets in Resources */ = {isa = PBXBuildFile; fileRef = 60D3C82C2323E1BA007E27A2 /* Assets.xcassets */; };
		60D3C8302323E1BA007E27A2 /* LaunchScreen.storyboard in Resources */ = {isa = PBXBuildFile; fileRef = 60D3C82E2323E1BA007E27A2 /* LaunchScreen.storyboard */; };
		60DE08F4232D257000594408 /* Alamofire.framework in Frameworks */ = {isa = PBXBuildFile; fileRef = 60DE08F3232D257000594408 /* Alamofire.framework */; };
/* End PBXBuildFile section */

/* Begin PBXFileReference section */
		601CF0E52327EC7E00780117 /* City.swift */ = {isa = PBXFileReference; lastKnownFileType = sourcecode.swift; path = City.swift; sourceTree = "<group>"; };
		601CF0E72327EFDA00780117 /* Restaurant.swift */ = {isa = PBXFileReference; lastKnownFileType = sourcecode.swift; path = Restaurant.swift; sourceTree = "<group>"; };
		601CF0E92328023600780117 /* Location.swift */ = {isa = PBXFileReference; lastKnownFileType = sourcecode.swift; path = Location.swift; sourceTree = "<group>"; };
		601CF0EB2328024A00780117 /* User.swift */ = {isa = PBXFileReference; lastKnownFileType = sourcecode.swift; path = User.swift; sourceTree = "<group>"; };
		601CF0ED2328033500780117 /* Photo.swift */ = {isa = PBXFileReference; lastKnownFileType = sourcecode.swift; path = Photo.swift; sourceTree = "<group>"; };
		601CF0EF2328039200780117 /* Review.swift */ = {isa = PBXFileReference; lastKnownFileType = sourcecode.swift; path = Review.swift; sourceTree = "<group>"; };
		601CF0F123280F4200780117 /* ZomatoRestaurantCell.swift */ = {isa = PBXFileReference; lastKnownFileType = sourcecode.swift; name = ZomatoRestaurantCell.swift; path = ZomatoSearch/Models/ZomatoRestaurantCell.swift; sourceTree = SOURCE_ROOT; };
		601CF0F223280F4200780117 /* ZomatoRestaurantCell.xib */ = {isa = PBXFileReference; lastKnownFileType = file.xib; name = ZomatoRestaurantCell.xib; path = ZomatoSearch/Models/ZomatoRestaurantCell.xib; sourceTree = SOURCE_ROOT; };
		601CF0F5232813BA00780117 /* Search.swift */ = {isa = PBXFileReference; lastKnownFileType = sourcecode.swift; path = Search.swift; sourceTree = "<group>"; };
		60D3C8222323E1B9007E27A2 /* ZomatoSearch.app */ = {isa = PBXFileReference; explicitFileType = wrapper.application; includeInIndex = 0; path = ZomatoSearch.app; sourceTree = BUILT_PRODUCTS_DIR; };
		60D3C8252323E1B9007E27A2 /* AppDelegate.swift */ = {isa = PBXFileReference; lastKnownFileType = sourcecode.swift; path = AppDelegate.swift; sourceTree = "<group>"; };
		60D3C8272323E1B9007E27A2 /* ViewController.swift */ = {isa = PBXFileReference; lastKnownFileType = sourcecode.swift; path = ViewController.swift; sourceTree = "<group>"; };
		60D3C82A2323E1B9007E27A2 /* Base */ = {isa = PBXFileReference; lastKnownFileType = file.storyboard; name = Base; path = Base.lproj/Main.storyboard; sourceTree = "<group>"; };
		60D3C82C2323E1BA007E27A2 /* Assets.xcassets */ = {isa = PBXFileReference; lastKnownFileType = folder.assetcatalog; path = Assets.xcassets; sourceTree = "<group>"; };
		60D3C82F2323E1BA007E27A2 /* Base */ = {isa = PBXFileReference; lastKnownFileType = file.storyboard; name = Base; path = Base.lproj/LaunchScreen.storyboard; sourceTree = "<group>"; };
		60D3C8312323E1BA007E27A2 /* Info.plist */ = {isa = PBXFileReference; lastKnownFileType = text.plist.xml; path = Info.plist; sourceTree = "<group>"; };
		60DE08F3232D257000594408 /* Alamofire.framework */ = {isa = PBXFileReference; lastKnownFileType = wrapper.framework; name = Alamofire.framework; path = ZomatoSearch/Dependencies/Carthage/Carthage/Build/iOS/Alamofire.framework; sourceTree = "<group>"; };
/* End PBXFileReference section */

/* Begin PBXFrameworksBuildPhase section */
		60D3C81F2323E1B9007E27A2 /* Frameworks */ = {
			isa = PBXFrameworksBuildPhase;
			buildActionMask = 2147483647;
			files = (
				60DE08F4232D257000594408 /* Alamofire.framework in Frameworks */,
			);
			runOnlyForDeploymentPostprocessing = 0;
		};
/* End PBXFrameworksBuildPhase section */

/* Begin PBXGroup section */
		603E499423269DAE00DBE624 /* Controllers */ = {
			isa = PBXGroup;
			children = (
				60D3C8272323E1B9007E27A2 /* ViewController.swift */,
			);
			path = Controllers;
			sourceTree = "<group>";
		};
		603E499623269EE100DBE624 /* Models */ = {
			isa = PBXGroup;
			children = (
				601CF0E52327EC7E00780117 /* City.swift */,
				601CF0E72327EFDA00780117 /* Restaurant.swift */,
				601CF0E92328023600780117 /* Location.swift */,
				601CF0EB2328024A00780117 /* User.swift */,
				601CF0ED2328033500780117 /* Photo.swift */,
				601CF0EF2328039200780117 /* Review.swift */,
				601CF0F5232813BA00780117 /* Search.swift */,
			);
			path = Models;
			sourceTree = "<group>";
		};
		603E499723269EF200DBE624 /* ViewModels */ = {
			isa = PBXGroup;
			children = (
				601CF0F123280F4200780117 /* ZomatoRestaurantCell.swift */,
				601CF0F223280F4200780117 /* ZomatoRestaurantCell.xib */,
			);
			path = ViewModels;
			sourceTree = "<group>";
		};
		603E499823269EFA00DBE624 /* Interactors */ = {
			isa = PBXGroup;
			children = (
			);
			path = Interactors;
			sourceTree = "<group>";
		};
		60D3C8192323E1B9007E27A2 = {
			isa = PBXGroup;
			children = (
				60D3C8242323E1B9007E27A2 /* ZomatoSearch */,
				60D3C8232323E1B9007E27A2 /* Products */,
				60DE08F2232D257000594408 /* Frameworks */,
			);
			sourceTree = "<group>";
		};
		60D3C8232323E1B9007E27A2 /* Products */ = {
			isa = PBXGroup;
			children = (
				60D3C8222323E1B9007E27A2 /* ZomatoSearch.app */,
			);
			name = Products;
			sourceTree = "<group>";
		};
		60D3C8242323E1B9007E27A2 /* ZomatoSearch */ = {
			isa = PBXGroup;
			children = (
				603E499823269EFA00DBE624 /* Interactors */,
				603E499723269EF200DBE624 /* ViewModels */,
				603E499623269EE100DBE624 /* Models */,
				603E499423269DAE00DBE624 /* Controllers */,
				60D3C8252323E1B9007E27A2 /* AppDelegate.swift */,
				60D3C8292323E1B9007E27A2 /* Main.storyboard */,
				60D3C82C2323E1BA007E27A2 /* Assets.xcassets */,
				60D3C82E2323E1BA007E27A2 /* LaunchScreen.storyboard */,
				60D3C8312323E1BA007E27A2 /* Info.plist */,
			);
			path = ZomatoSearch;
			sourceTree = "<group>";
		};
		60DE08F2232D257000594408 /* Frameworks */ = {
			isa = PBXGroup;
			children = (
				60DE08F3232D257000594408 /* Alamofire.framework */,
			);
			name = Frameworks;
			sourceTree = "<group>";
		};
/* End PBXGroup section */

/* Begin PBXNativeTarget section */
		60D3C8212323E1B9007E27A2 /* ZomatoSearch */ = {
			isa = PBXNativeTarget;
			buildConfigurationList = 60D3C8342323E1BA007E27A2 /* Build configuration list for PBXNativeTarget "ZomatoSearch" */;
			buildPhases = (
				60D3C81E2323E1B9007E27A2 /* Sources */,
				60D3C81F2323E1B9007E27A2 /* Frameworks */,
				60D3C8202323E1B9007E27A2 /* Resources */,
				60DE08F5232D257B00594408 /* ShellScript */,
			);
			buildRules = (
			);
			dependencies = (
			);
			name = ZomatoSearch;
			productName = ZomatoSearch;
			productReference = 60D3C8222323E1B9007E27A2 /* ZomatoSearch.app */;
			productType = "com.apple.product-type.application";
		};
/* End PBXNativeTarget section */

/* Begin PBXProject section */
		60D3C81A2323E1B9007E27A2 /* Project object */ = {
			isa = PBXProject;
			attributes = {
				LastSwiftUpdateCheck = 1020;
				LastUpgradeCheck = 1020;
				ORGANIZATIONNAME = "Amirthy Tejeshwar";
				TargetAttributes = {
					60D3C8212323E1B9007E27A2 = {
						CreatedOnToolsVersion = 10.2.1;
					};
				};
			};
			buildConfigurationList = 60D3C81D2323E1B9007E27A2 /* Build configuration list for PBXProject "ZomatoSearch" */;
			compatibilityVersion = "Xcode 9.3";
			developmentRegion = en;
			hasScannedForEncodings = 0;
			knownRegions = (
				en,
				Base,
			);
			mainGroup = 60D3C8192323E1B9007E27A2;
			productRefGroup = 60D3C8232323E1B9007E27A2 /* Products */;
			projectDirPath = "";
			projectRoot = "";
			targets = (
				60D3C8212323E1B9007E27A2 /* ZomatoSearch */,
			);
		};
/* End PBXProject section */

/* Begin PBXResourcesBuildPhase section */
		60D3C8202323E1B9007E27A2 /* Resources */ = {
			isa = PBXResourcesBuildPhase;
			buildActionMask = 2147483647;
			files = (
				601CF0F423280F4200780117 /* ZomatoRestaurantCell.xib in Resources */,
				60D3C8302323E1BA007E27A2 /* LaunchScreen.storyboard in Resources */,
				60D3C82D2323E1BA007E27A2 /* Assets.xcassets in Resources */,
				60D3C82B2323E1B9007E27A2 /* Main.storyboard in Resources */,
			);
			runOnlyForDeploymentPostprocessing = 0;
		};
/* End PBXResourcesBuildPhase section */

/* Begin PBXShellScriptBuildPhase section */
		60DE08F5232D257B00594408 /* ShellScript */ = {
			isa = PBXShellScriptBuildPhase;
			buildActionMask = 2147483647;
			files = (
			);
			inputFileListPaths = (
			);
			inputPaths = (
				"$(SRCROOT)/Dependencies/Carthage/Build/iOS/Alamofire.framework",
			);
			outputFileListPaths = (
			);
			outputPaths = (
			);
			runOnlyForDeploymentPostprocessing = 0;
			shellPath = /bin/sh;
			shellScript = "# Type a script or drag a script file from your workspace to insert its path.\n/usr/local/bin/carthage copy-frameworks\n";
		};
/* End PBXShellScriptBuildPhase section */

/* Begin PBXSourcesBuildPhase section */
		60D3C81E2323E1B9007E27A2 /* Sources */ = {
			isa = PBXSourcesBuildPhase;
			buildActionMask = 2147483647;
			files = (
				601CF0EE2328033500780117 /* Photo.swift in Sources */,
				601CF0F323280F4200780117 /* ZomatoRestaurantCell.swift in Sources */,
				601CF0F02328039200780117 /* Review.swift in Sources */,
				601CF0E82327EFDA00780117 /* Restaurant.swift in Sources */,
				60D3C8282323E1B9007E27A2 /* ViewController.swift in Sources */,
				601CF0EC2328024A00780117 /* User.swift in Sources */,
				601CF0EA2328023600780117 /* Location.swift in Sources */,
				601CF0F6232813BA00780117 /* Search.swift in Sources */,
				60D3C8262323E1B9007E27A2 /* AppDelegate.swift in Sources */,
				601CF0E62327EC7E00780117 /* City.swift in Sources */,
			);
			runOnlyForDeploymentPostprocessing = 0;
		};
/* End PBXSourcesBuildPhase section */

/* Begin PBXVariantGroup section */
		60D3C8292323E1B9007E27A2 /* Main.storyboard */ = {
			isa = PBXVariantGroup;
			children = (
				60D3C82A2323E1B9007E27A2 /* Base */,
			);
			name = Main.storyboard;
			sourceTree = "<group>";
		};
		60D3C82E2323E1BA007E27A2 /* LaunchScreen.storyboard */ = {
			isa = PBXVariantGroup;
			children = (
				60D3C82F2323E1BA007E27A2 /* Base */,
			);
			name = LaunchScreen.storyboard;
			sourceTree = "<group>";
		};
/* End PBXVariantGroup section */

/* Begin XCBuildConfiguration section */
		60D3C8322323E1BA007E27A2 /* Debug */ = {
			isa = XCBuildConfiguration;
			buildSettings = {
				ALWAYS_SEARCH_USER_PATHS = NO;
				CLANG_ANALYZER_NONNULL = YES;
				CLANG_ANALYZER_NUMBER_OBJECT_CONVERSION = YES_AGGRESSIVE;
				CLANG_CXX_LANGUAGE_STANDARD = "gnu++14";
				CLANG_CXX_LIBRARY = "libc++";
				CLANG_ENABLE_MODULES = YES;
				CLANG_ENABLE_OBJC_ARC = YES;
				CLANG_ENABLE_OBJC_WEAK = YES;
				CLANG_WARN_BLOCK_CAPTURE_AUTORELEASING = YES;
				CLANG_WARN_BOOL_CONVERSION = YES;
				CLANG_WARN_COMMA = YES;
				CLANG_WARN_CONSTANT_CONVERSION = YES;
				CLANG_WARN_DEPRECATED_OBJC_IMPLEMENTATIONS = YES;
				CLANG_WARN_DIRECT_OBJC_ISA_USAGE = YES_ERROR;
				CLANG_WARN_DOCUMENTATION_COMMENTS = YES;
				CLANG_WARN_EMPTY_BODY = YES;
				CLANG_WARN_ENUM_CONVERSION = YES;
				CLANG_WARN_INFINITE_RECURSION = YES;
				CLANG_WARN_INT_CONVERSION = YES;
				CLANG_WARN_NON_LITERAL_NULL_CONVERSION = YES;
				CLANG_WARN_OBJC_IMPLICIT_RETAIN_SELF = YES;
				CLANG_WARN_OBJC_LITERAL_CONVERSION = YES;
				CLANG_WARN_OBJC_ROOT_CLASS = YES_ERROR;
				CLANG_WARN_RANGE_LOOP_ANALYSIS = YES;
				CLANG_WARN_STRICT_PROTOTYPES = YES;
				CLANG_WARN_SUSPICIOUS_MOVE = YES;
				CLANG_WARN_UNGUARDED_AVAILABILITY = YES_AGGRESSIVE;
				CLANG_WARN_UNREACHABLE_CODE = YES;
				CLANG_WARN__DUPLICATE_METHOD_MATCH = YES;
				CODE_SIGN_IDENTITY = "iPhone Developer";
				COPY_PHASE_STRIP = NO;
				DEBUG_INFORMATION_FORMAT = dwarf;
				ENABLE_STRICT_OBJC_MSGSEND = YES;
				ENABLE_TESTABILITY = YES;
				GCC_C_LANGUAGE_STANDARD = gnu11;
				GCC_DYNAMIC_NO_PIC = NO;
				GCC_NO_COMMON_BLOCKS = YES;
				GCC_OPTIMIZATION_LEVEL = 0;
				GCC_PREPROCESSOR_DEFINITIONS = (
					"DEBUG=1",
					"$(inherited)",
				);
				GCC_WARN_64_TO_32_BIT_CONVERSION = YES;
				GCC_WARN_ABOUT_RETURN_TYPE = YES_ERROR;
				GCC_WARN_UNDECLARED_SELECTOR = YES;
				GCC_WARN_UNINITIALIZED_AUTOS = YES_AGGRESSIVE;
				GCC_WARN_UNUSED_FUNCTION = YES;
				GCC_WARN_UNUSED_VARIABLE = YES;
				IPHONEOS_DEPLOYMENT_TARGET = 12.2;
				MTL_ENABLE_DEBUG_INFO = INCLUDE_SOURCE;
				MTL_FAST_MATH = YES;
				ONLY_ACTIVE_ARCH = YES;
				SDKROOT = iphoneos;
				SWIFT_ACTIVE_COMPILATION_CONDITIONS = DEBUG;
				SWIFT_OPTIMIZATION_LEVEL = "-Onone";
				SWIFT_VERSION = 5.0;
			};
			name = Debug;
		};
		60D3C8332323E1BA007E27A2 /* Release */ = {
			isa = XCBuildConfiguration;
			buildSettings = {
				ALWAYS_SEARCH_USER_PATHS = NO;
				CLANG_ANALYZER_NONNULL = YES;
				CLANG_ANALYZER_NUMBER_OBJECT_CONVERSION = YES_AGGRESSIVE;
				CLANG_CXX_LANGUAGE_STANDARD = "gnu++14";
				CLANG_CXX_LIBRARY = "libc++";
				CLANG_ENABLE_MODULES = YES;
				CLANG_ENABLE_OBJC_ARC = YES;
				CLANG_ENABLE_OBJC_WEAK = YES;
				CLANG_WARN_BLOCK_CAPTURE_AUTORELEASING = YES;
				CLANG_WARN_BOOL_CONVERSION = YES;
				CLANG_WARN_COMMA = YES;
				CLANG_WARN_CONSTANT_CONVERSION = YES;
				CLANG_WARN_DEPRECATED_OBJC_IMPLEMENTATIONS = YES;
				CLANG_WARN_DIRECT_OBJC_ISA_USAGE = YES_ERROR;
				CLANG_WARN_DOCUMENTATION_COMMENTS = YES;
				CLANG_WARN_EMPTY_BODY = YES;
				CLANG_WARN_ENUM_CONVERSION = YES;
				CLANG_WARN_INFINITE_RECURSION = YES;
				CLANG_WARN_INT_CONVERSION = YES;
				CLANG_WARN_NON_LITERAL_NULL_CONVERSION = YES;
				CLANG_WARN_OBJC_IMPLICIT_RETAIN_SELF = YES;
				CLANG_WARN_OBJC_LITERAL_CONVERSION = YES;
				CLANG_WARN_OBJC_ROOT_CLASS = YES_ERROR;
				CLANG_WARN_RANGE_LOOP_ANALYSIS = YES;
				CLANG_WARN_STRICT_PROTOTYPES = YES;
				CLANG_WARN_SUSPICIOUS_MOVE = YES;
				CLANG_WARN_UNGUARDED_AVAILABILITY = YES_AGGRESSIVE;
				CLANG_WARN_UNREACHABLE_CODE = YES;
				CLANG_WARN__DUPLICATE_METHOD_MATCH = YES;
				CODE_SIGN_IDENTITY = "iPhone Developer";
				COPY_PHASE_STRIP = NO;
				DEBUG_INFORMATION_FORMAT = "dwarf-with-dsym";
				ENABLE_NS_ASSERTIONS = NO;
				ENABLE_STRICT_OBJC_MSGSEND = YES;
				GCC_C_LANGUAGE_STANDARD = gnu11;
				GCC_NO_COMMON_BLOCKS = YES;
				GCC_WARN_64_TO_32_BIT_CONVERSION = YES;
				GCC_WARN_ABOUT_RETURN_TYPE = YES_ERROR;
				GCC_WARN_UNDECLARED_SELECTOR = YES;
				GCC_WARN_UNINITIALIZED_AUTOS = YES_AGGRESSIVE;
				GCC_WARN_UNUSED_FUNCTION = YES;
				GCC_WARN_UNUSED_VARIABLE = YES;
				IPHONEOS_DEPLOYMENT_TARGET = 12.2;
				MTL_ENABLE_DEBUG_INFO = NO;
				MTL_FAST_MATH = YES;
				SDKROOT = iphoneos;
				SWIFT_COMPILATION_MODE = wholemodule;
				SWIFT_OPTIMIZATION_LEVEL = "-O";
				SWIFT_VERSION = 5.0;
				VALIDATE_PRODUCT = YES;
			};
			name = Release;
		};
		60D3C8352323E1BA007E27A2 /* Debug */ = {
			isa = XCBuildConfiguration;
			buildSettings = {
				ASSETCATALOG_COMPILER_APPICON_NAME = AppIcon;
				CODE_SIGN_STYLE = Automatic;
				DEVELOPMENT_TEAM = GM69XM3DP7;
				FRAMEWORK_SEARCH_PATHS = (
					"$(inherited)",
					"$(PROJECT_DIR)/ZomatoSearch/Dependencies/Carthage/Carthage/Build/iOS",
				);
				INFOPLIST_FILE = ZomatoSearch/Info.plist;
				LD_RUNPATH_SEARCH_PATHS = (
					"$(inherited)",
					"@executable_path/Frameworks",
				);
				PRODUCT_BUNDLE_IDENTIFIER = com.tejeshwar.ZomatoSearch;
				PRODUCT_NAME = "$(TARGET_NAME)";
				SWIFT_VERSION = 5.0;
				TARGETED_DEVICE_FAMILY = "1,2";
			};
			name = Debug;
		};
		60D3C8362323E1BA007E27A2 /* Release */ = {
			isa = XCBuildConfiguration;
			buildSettings = {
				ASSETCATALOG_COMPILER_APPICON_NAME = AppIcon;
				CODE_SIGN_STYLE = Automatic;
				DEVELOPMENT_TEAM = GM69XM3DP7;
				FRAMEWORK_SEARCH_PATHS = (
					"$(inherited)",
					"$(PROJECT_DIR)/ZomatoSearch/Dependencies/Carthage/Carthage/Build/iOS",
				);
				INFOPLIST_FILE = ZomatoSearch/Info.plist;
				LD_RUNPATH_SEARCH_PATHS = (
					"$(inherited)",
					"@executable_path/Frameworks",
				);
				PRODUCT_BUNDLE_IDENTIFIER = com.tejeshwar.ZomatoSearch;
				PRODUCT_NAME = "$(TARGET_NAME)";
				SWIFT_VERSION = 5.0;
				TARGETED_DEVICE_FAMILY = "1,2";
			};
			name = Release;
		};
/* End XCBuildConfiguration section */

/* Begin XCConfigurationList section */
		60D3C81D2323E1B9007E27A2 /* Build configuration list for PBXProject "ZomatoSearch" */ = {
			isa = XCConfigurationList;
			buildConfigurations = (
				60D3C8322323E1BA007E27A2 /* Debug */,
				60D3C8332323E1BA007E27A2 /* Release */,
			);
			defaultConfigurationIsVisible = 0;
			defaultConfigurationName = Release;
		};
		60D3C8342323E1BA007E27A2 /* Build configuration list for PBXNativeTarget "ZomatoSearch" */ = {
			isa = XCConfigurationList;
			buildConfigurations = (
				60D3C8352323E1BA007E27A2 /* Debug */,
				60D3C8362323E1BA007E27A2 /* Release */,
			);
			defaultConfigurationIsVisible = 0;
			defaultConfigurationName = Release;
		};
/* End XCConfigurationList section */
	};
	rootObject = 60D3C81A2323E1B9007E27A2 /* Project object */;
}
